
Microsoft Visual Studio Solution File, Format Version 12.00
# Visual Studio Version 17
VisualStudioVersion = 17.14.36603.0 d17.14
MinimumVisualStudioVersion = 10.0.40219.1
Project("{FAE04EC0-301F-11D3-BF4B-00C04F79EFBC}") = "Kalkulaator", "Kalkulaator\Kalkulaator.csproj", "{B533A3E6-2EE8-4447-9822-B2B0BE305E20}"
EndProject
Global
	GlobalSection(SolutionConfigurationPlatforms) = preSolution
		Debug|Any CPU = Debug|Any CPU
		Release|Any CPU = Release|Any CPU
	EndGlobalSection
	GlobalSection(ProjectConfigurationPlatforms) = postSolution
		{B533A3E6-2EE8-4447-9822-B2B0BE305E20}.Debug|Any CPU.ActiveCfg = Debug|Any CPU
		{B533A3E6-2EE8-4447-9822-B2B0BE305E20}.Debug|Any CPU.Build.0 = Debug|Any CPU
		{B533A3E6-2EE8-4447-9822-B2B0BE305E20}.Release|Any CPU.ActiveCfg = Release|Any CPU
		{B533A3E6-2EE8-4447-9822-B2B0BE305E20}.Release|Any CPU.Build.0 = Release|Any CPU
	EndGlobalSection
	GlobalSection(SolutionProperties) = preSolution
		HideSolutionNode = FALSE
	EndGlobalSection
	GlobalSection(ExtensibilityGlobals) = postSolution
		SolutionGuid = {852AC869-9E61-400A-AEC1-E06F8EA02D1D}
	EndGlobalSection
EndGlobal
